
Microsoft Visual Studio Solution File, Format Version 12.00
# Visual Studio Version 17
VisualStudioVersion = 17.1.32210.238
MinimumVisualStudioVersion = 10.0.40219.1
Project("{8BC9CEB8-8B4A-11D0-8D11-00A0C91BC942}") = "P01-PerfectJobOffer", "P01-PerfectJobOffer\P01-PerfectJobOffer.vcxproj", "{62E43BEC-F182-42B9-AFF2-65E19B973C8E}"
EndProject
Project("{2150E333-8FDC-42A3-9474-1A3956D46DE8}") = "Practicum", "Practicum", "{9346AB82-72E6-422E-AF78-E58D894DCA1D}"
EndProject
Project("{2150E333-8FDC-42A3-9474-1A3956D46DE8}") = "Seminar", "Seminar", "{5BADDF40-43AC-4935-9481-EC8F7B763382}"
	ProjectSection(SolutionItems) = preProject
		Tasks.txt = Tasks.txt
	EndProjectSection
EndProject
Project("{8BC9CEB8-8B4A-11D0-8D11-00A0C91BC942}") = "P01-ReadWriteNumAndSymbol", "P01-ReadWriteNumAndSymbol\P01-ReadWriteNumAndSymbol.vcxproj", "{B1FF515E-D855-491C-9A5F-0671AD2031AC}"
EndProject
Project("{8BC9CEB8-8B4A-11D0-8D11-00A0C91BC942}") = "P02-PointSaver", "P02-PointSaver\P02-PointSaver.vcxproj", "{3A237F35-658F-47B1-B654-D3262C4E748B}"
EndProject
Project("{8BC9CEB8-8B4A-11D0-8D11-00A0C91BC942}") = "P03-ModifyString", "P03-ModifyString\P03-ModifyString.vcxproj", "{B64951CE-E8DC-4094-904B-6E3057F18165}"
EndProject
Global
	GlobalSection(SolutionConfigurationPlatforms) = preSolution
		Debug|x64 = Debug|x64
		Debug|x86 = Debug|x86
		Release|x64 = Release|x64
		Release|x86 = Release|x86
	EndGlobalSection
	GlobalSection(ProjectConfigurationPlatforms) = postSolution
		{62E43BEC-F182-42B9-AFF2-65E19B973C8E}.Debug|x64.ActiveCfg = Debug|x64
		{62E43BEC-F182-42B9-AFF2-65E19B973C8E}.Debug|x64.Build.0 = Debug|x64
		{62E43BEC-F182-42B9-AFF2-65E19B973C8E}.Debug|x86.ActiveCfg = Debug|Win32
		{62E43BEC-F182-42B9-AFF2-65E19B973C8E}.Debug|x86.Build.0 = Debug|Win32
		{62E43BEC-F182-42B9-AFF2-65E19B973C8E}.Release|x64.ActiveCfg = Release|x64
		{62E43BEC-F182-42B9-AFF2-65E19B973C8E}.Release|x64.Build.0 = Release|x64
		{62E43BEC-F182-42B9-AFF2-65E19B973C8E}.Release|x86.ActiveCfg = Release|Win32
		{62E43BEC-F182-42B9-AFF2-65E19B973C8E}.Release|x86.Build.0 = Release|Win32
		{B1FF515E-D855-491C-9A5F-0671AD2031AC}.Debug|x64.ActiveCfg = Debug|x64
		{B1FF515E-D855-491C-9A5F-0671AD2031AC}.Debug|x64.Build.0 = Debug|x64
		{B1FF515E-D855-491C-9A5F-0671AD2031AC}.Debug|x86.ActiveCfg = Debug|Win32
		{B1FF515E-D855-491C-9A5F-0671AD2031AC}.Debug|x86.Build.0 = Debug|Win32
		{B1FF515E-D855-491C-9A5F-0671AD2031AC}.Release|x64.ActiveCfg = Release|x64
		{B1FF515E-D855-491C-9A5F-0671AD2031AC}.Release|x64.Build.0 = Release|x64
		{B1FF515E-D855-491C-9A5F-0671AD2031AC}.Release|x86.ActiveCfg = Release|Win32
		{B1FF515E-D855-491C-9A5F-0671AD2031AC}.Release|x86.Build.0 = Release|Win32
		{3A237F35-658F-47B1-B654-D3262C4E748B}.Debug|x64.ActiveCfg = Debug|x64
		{3A237F35-658F-47B1-B654-D3262C4E748B}.Debug|x64.Build.0 = Debug|x64
		{3A237F35-658F-47B1-B654-D3262C4E748B}.Debug|x86.ActiveCfg = Debug|Win32
		{3A237F35-658F-47B1-B654-D3262C4E748B}.Debug|x86.Build.0 = Debug|Win32
		{3A237F35-658F-47B1-B654-D3262C4E748B}.Release|x64.ActiveCfg = Release|x64
		{3A237F35-658F-47B1-B654-D3262C4E748B}.Release|x64.Build.0 = Release|x64
		{3A237F35-658F-47B1-B654-D3262C4E748B}.Release|x86.ActiveCfg = Release|Win32
		{3A237F35-658F-47B1-B654-D3262C4E748B}.Release|x86.Build.0 = Release|Win32
		{B64951CE-E8DC-4094-904B-6E3057F18165}.Debug|x64.ActiveCfg = Debug|x64
		{B64951CE-E8DC-4094-904B-6E3057F18165}.Debug|x64.Build.0 = Debug|x64
		{B64951CE-E8DC-4094-904B-6E3057F18165}.Debug|x86.ActiveCfg = Debug|Win32
		{B64951CE-E8DC-4094-904B-6E3057F18165}.Debug|x86.Build.0 = Debug|Win32
		{B64951CE-E8DC-4094-904B-6E3057F18165}.Release|x64.ActiveCfg = Release|x64
		{B64951CE-E8DC-4094-904B-6E3057F18165}.Release|x64.Build.0 = Release|x64
		{B64951CE-E8DC-4094-904B-6E3057F18165}.Release|x86.ActiveCfg = Release|Win32
		{B64951CE-E8DC-4094-904B-6E3057F18165}.Release|x86.Build.0 = Release|Win32
	EndGlobalSection
	GlobalSection(SolutionProperties) = preSolution
		HideSolutionNode = FALSE
	EndGlobalSection
	GlobalSection(NestedProjects) = preSolution
		{62E43BEC-F182-42B9-AFF2-65E19B973C8E} = {9346AB82-72E6-422E-AF78-E58D894DCA1D}
		{B1FF515E-D855-491C-9A5F-0671AD2031AC} = {5BADDF40-43AC-4935-9481-EC8F7B763382}
		{3A237F35-658F-47B1-B654-D3262C4E748B} = {5BADDF40-43AC-4935-9481-EC8F7B763382}
		{B64951CE-E8DC-4094-904B-6E3057F18165} = {5BADDF40-43AC-4935-9481-EC8F7B763382}
	EndGlobalSection
	GlobalSection(ExtensibilityGlobals) = postSolution
		SolutionGuid = {5BD8F874-581C-476F-B9BD-E562C2E3ADB1}
	EndGlobalSection
EndGlobal
