
Microsoft Visual Studio Solution File, Format Version 12.00
# Visual Studio Version 17
VisualStudioVersion = 17.0.31903.59
MinimumVisualStudioVersion = 10.0.40219.1
Project("{8BC9CEB8-8B4A-11D0-8D11-00A0C91BC942}") = "P01-SecondsIntoDaysHoursMinsSecs", "P01-SecondsIntoDaysHoursMinsSecs\P01-SecondsIntoDaysHoursMinsSecs.vcxproj", "{C25AFCDC-C1CF-4195-8598-34D8A34DF287}"
EndProject
Project("{8BC9CEB8-8B4A-11D0-8D11-00A0C91BC942}") = "P02-IsThePointInTheShape", "P02-IsThePointInTheShape\P02-IsThePointInTheShape.vcxproj", "{59517CC2-DA4C-4FC4-86C6-94DD5DC6D781}"
EndProject
Project("{8BC9CEB8-8B4A-11D0-8D11-00A0C91BC942}") = "P03-SumInCoins", "P03-SumInCoins\P03-SumInCoins.vcxproj", "{CA19DB9B-1621-4BB3-ABD1-3BBFF9E3CDB7}"
EndProject
Project("{8BC9CEB8-8B4A-11D0-8D11-00A0C91BC942}") = "P04-PrintOutTheBiggestNumbersOnCondition", "P04-PrintOutTheBiggestNumbersOnCondition\P04-PrintOutTheBiggestNumbersOnCondition.vcxproj", "{223DD52E-E5AE-402A-9930-2979FA370B5C}"
EndProject
Project("{2150E333-8FDC-42A3-9474-1A3956D46DE8}") = "v01", "v01", "{FD7F9F16-E22F-4D8E-914B-E8F495C5CDAC}"
EndProject
Project("{2150E333-8FDC-42A3-9474-1A3956D46DE8}") = "V02", "V02", "{607648B4-45A4-4A4B-85CE-79F1A44254B1}"
EndProject
Project("{8BC9CEB8-8B4A-11D0-8D11-00A0C91BC942}") = "P01-IsDateValid", "P01-IsDateValid\P01-IsDateValid.vcxproj", "{63C62EEF-BD0C-45B7-9171-9991AD71622F}"
EndProject
Project("{8BC9CEB8-8B4A-11D0-8D11-00A0C91BC942}") = "P02-IsThePointInTheShapeV02", "P02-IsThePointInTheShapeV02\P02-IsThePointInTheShapeV02.vcxproj", "{66CCD29F-4DF7-4EEF-9C70-9BD46D8EDDFE}"
EndProject
Project("{8BC9CEB8-8B4A-11D0-8D11-00A0C91BC942}") = "P04-DeviderCount", "P04-DeviderCount\P04-DeviderCount.vcxproj", "{234CEBCC-EC6B-41E3-BE4C-08613C059B4A}"
EndProject
Project("{8BC9CEB8-8B4A-11D0-8D11-00A0C91BC942}") = "P03-PolyhedronTypes", "P03-PolyhedronTypes\P03-PolyhedronTypes.vcxproj", "{DFA0A945-3CCE-49AE-9A82-6FA23B6B5BA7}"
EndProject
Global
	GlobalSection(SolutionConfigurationPlatforms) = preSolution
		Debug|x64 = Debug|x64
		Debug|x86 = Debug|x86
		Release|x64 = Release|x64
		Release|x86 = Release|x86
	EndGlobalSection
	GlobalSection(ProjectConfigurationPlatforms) = postSolution
		{C25AFCDC-C1CF-4195-8598-34D8A34DF287}.Debug|x64.ActiveCfg = Debug|x64
		{C25AFCDC-C1CF-4195-8598-34D8A34DF287}.Debug|x64.Build.0 = Debug|x64
		{C25AFCDC-C1CF-4195-8598-34D8A34DF287}.Debug|x86.ActiveCfg = Debug|Win32
		{C25AFCDC-C1CF-4195-8598-34D8A34DF287}.Debug|x86.Build.0 = Debug|Win32
		{C25AFCDC-C1CF-4195-8598-34D8A34DF287}.Release|x64.ActiveCfg = Release|x64
		{C25AFCDC-C1CF-4195-8598-34D8A34DF287}.Release|x64.Build.0 = Release|x64
		{C25AFCDC-C1CF-4195-8598-34D8A34DF287}.Release|x86.ActiveCfg = Release|Win32
		{C25AFCDC-C1CF-4195-8598-34D8A34DF287}.Release|x86.Build.0 = Release|Win32
		{59517CC2-DA4C-4FC4-86C6-94DD5DC6D781}.Debug|x64.ActiveCfg = Debug|x64
		{59517CC2-DA4C-4FC4-86C6-94DD5DC6D781}.Debug|x64.Build.0 = Debug|x64
		{59517CC2-DA4C-4FC4-86C6-94DD5DC6D781}.Debug|x86.ActiveCfg = Debug|Win32
		{59517CC2-DA4C-4FC4-86C6-94DD5DC6D781}.Debug|x86.Build.0 = Debug|Win32
		{59517CC2-DA4C-4FC4-86C6-94DD5DC6D781}.Release|x64.ActiveCfg = Release|x64
		{59517CC2-DA4C-4FC4-86C6-94DD5DC6D781}.Release|x64.Build.0 = Release|x64
		{59517CC2-DA4C-4FC4-86C6-94DD5DC6D781}.Release|x86.ActiveCfg = Release|Win32
		{59517CC2-DA4C-4FC4-86C6-94DD5DC6D781}.Release|x86.Build.0 = Release|Win32
		{CA19DB9B-1621-4BB3-ABD1-3BBFF9E3CDB7}.Debug|x64.ActiveCfg = Debug|x64
		{CA19DB9B-1621-4BB3-ABD1-3BBFF9E3CDB7}.Debug|x64.Build.0 = Debug|x64
		{CA19DB9B-1621-4BB3-ABD1-3BBFF9E3CDB7}.Debug|x86.ActiveCfg = Debug|Win32
		{CA19DB9B-1621-4BB3-ABD1-3BBFF9E3CDB7}.Debug|x86.Build.0 = Debug|Win32
		{CA19DB9B-1621-4BB3-ABD1-3BBFF9E3CDB7}.Release|x64.ActiveCfg = Release|x64
		{CA19DB9B-1621-4BB3-ABD1-3BBFF9E3CDB7}.Release|x64.Build.0 = Release|x64
		{CA19DB9B-1621-4BB3-ABD1-3BBFF9E3CDB7}.Release|x86.ActiveCfg = Release|Win32
		{CA19DB9B-1621-4BB3-ABD1-3BBFF9E3CDB7}.Release|x86.Build.0 = Release|Win32
		{223DD52E-E5AE-402A-9930-2979FA370B5C}.Debug|x64.ActiveCfg = Debug|x64
		{223DD52E-E5AE-402A-9930-2979FA370B5C}.Debug|x64.Build.0 = Debug|x64
		{223DD52E-E5AE-402A-9930-2979FA370B5C}.Debug|x86.ActiveCfg = Debug|Win32
		{223DD52E-E5AE-402A-9930-2979FA370B5C}.Debug|x86.Build.0 = Debug|Win32
		{223DD52E-E5AE-402A-9930-2979FA370B5C}.Release|x64.ActiveCfg = Release|x64
		{223DD52E-E5AE-402A-9930-2979FA370B5C}.Release|x64.Build.0 = Release|x64
		{223DD52E-E5AE-402A-9930-2979FA370B5C}.Release|x86.ActiveCfg = Release|Win32
		{223DD52E-E5AE-402A-9930-2979FA370B5C}.Release|x86.Build.0 = Release|Win32
		{63C62EEF-BD0C-45B7-9171-9991AD71622F}.Debug|x64.ActiveCfg = Debug|x64
		{63C62EEF-BD0C-45B7-9171-9991AD71622F}.Debug|x64.Build.0 = Debug|x64
		{63C62EEF-BD0C-45B7-9171-9991AD71622F}.Debug|x86.ActiveCfg = Debug|Win32
		{63C62EEF-BD0C-45B7-9171-9991AD71622F}.Debug|x86.Build.0 = Debug|Win32
		{63C62EEF-BD0C-45B7-9171-9991AD71622F}.Release|x64.ActiveCfg = Release|x64
		{63C62EEF-BD0C-45B7-9171-9991AD71622F}.Release|x64.Build.0 = Release|x64
		{63C62EEF-BD0C-45B7-9171-9991AD71622F}.Release|x86.ActiveCfg = Release|Win32
		{63C62EEF-BD0C-45B7-9171-9991AD71622F}.Release|x86.Build.0 = Release|Win32
		{66CCD29F-4DF7-4EEF-9C70-9BD46D8EDDFE}.Debug|x64.ActiveCfg = Debug|x64
		{66CCD29F-4DF7-4EEF-9C70-9BD46D8EDDFE}.Debug|x64.Build.0 = Debug|x64
		{66CCD29F-4DF7-4EEF-9C70-9BD46D8EDDFE}.Debug|x86.ActiveCfg = Debug|Win32
		{66CCD29F-4DF7-4EEF-9C70-9BD46D8EDDFE}.Debug|x86.Build.0 = Debug|Win32
		{66CCD29F-4DF7-4EEF-9C70-9BD46D8EDDFE}.Release|x64.ActiveCfg = Release|x64
		{66CCD29F-4DF7-4EEF-9C70-9BD46D8EDDFE}.Release|x64.Build.0 = Release|x64
		{66CCD29F-4DF7-4EEF-9C70-9BD46D8EDDFE}.Release|x86.ActiveCfg = Release|Win32
		{66CCD29F-4DF7-4EEF-9C70-9BD46D8EDDFE}.Release|x86.Build.0 = Release|Win32
		{234CEBCC-EC6B-41E3-BE4C-08613C059B4A}.Debug|x64.ActiveCfg = Debug|x64
		{234CEBCC-EC6B-41E3-BE4C-08613C059B4A}.Debug|x64.Build.0 = Debug|x64
		{234CEBCC-EC6B-41E3-BE4C-08613C059B4A}.Debug|x86.ActiveCfg = Debug|Win32
		{234CEBCC-EC6B-41E3-BE4C-08613C059B4A}.Debug|x86.Build.0 = Debug|Win32
		{234CEBCC-EC6B-41E3-BE4C-08613C059B4A}.Release|x64.ActiveCfg = Release|x64
		{234CEBCC-EC6B-41E3-BE4C-08613C059B4A}.Release|x64.Build.0 = Release|x64
		{234CEBCC-EC6B-41E3-BE4C-08613C059B4A}.Release|x86.ActiveCfg = Release|Win32
		{234CEBCC-EC6B-41E3-BE4C-08613C059B4A}.Release|x86.Build.0 = Release|Win32
		{DFA0A945-3CCE-49AE-9A82-6FA23B6B5BA7}.Debug|x64.ActiveCfg = Debug|x64
		{DFA0A945-3CCE-49AE-9A82-6FA23B6B5BA7}.Debug|x64.Build.0 = Debug|x64
		{DFA0A945-3CCE-49AE-9A82-6FA23B6B5BA7}.Debug|x86.ActiveCfg = Debug|Win32
		{DFA0A945-3CCE-49AE-9A82-6FA23B6B5BA7}.Debug|x86.Build.0 = Debug|Win32
		{DFA0A945-3CCE-49AE-9A82-6FA23B6B5BA7}.Release|x64.ActiveCfg = Release|x64
		{DFA0A945-3CCE-49AE-9A82-6FA23B6B5BA7}.Release|x64.Build.0 = Release|x64
		{DFA0A945-3CCE-49AE-9A82-6FA23B6B5BA7}.Release|x86.ActiveCfg = Release|Win32
		{DFA0A945-3CCE-49AE-9A82-6FA23B6B5BA7}.Release|x86.Build.0 = Release|Win32
	EndGlobalSection
	GlobalSection(SolutionProperties) = preSolution
		HideSolutionNode = FALSE
	EndGlobalSection
	GlobalSection(NestedProjects) = preSolution
		{C25AFCDC-C1CF-4195-8598-34D8A34DF287} = {FD7F9F16-E22F-4D8E-914B-E8F495C5CDAC}
		{59517CC2-DA4C-4FC4-86C6-94DD5DC6D781} = {FD7F9F16-E22F-4D8E-914B-E8F495C5CDAC}
		{CA19DB9B-1621-4BB3-ABD1-3BBFF9E3CDB7} = {FD7F9F16-E22F-4D8E-914B-E8F495C5CDAC}
		{223DD52E-E5AE-402A-9930-2979FA370B5C} = {FD7F9F16-E22F-4D8E-914B-E8F495C5CDAC}
		{63C62EEF-BD0C-45B7-9171-9991AD71622F} = {607648B4-45A4-4A4B-85CE-79F1A44254B1}
		{66CCD29F-4DF7-4EEF-9C70-9BD46D8EDDFE} = {607648B4-45A4-4A4B-85CE-79F1A44254B1}
		{234CEBCC-EC6B-41E3-BE4C-08613C059B4A} = {607648B4-45A4-4A4B-85CE-79F1A44254B1}
		{DFA0A945-3CCE-49AE-9A82-6FA23B6B5BA7} = {607648B4-45A4-4A4B-85CE-79F1A44254B1}
	EndGlobalSection
	GlobalSection(ExtensibilityGlobals) = postSolution
		SolutionGuid = {04D97BCF-30FF-4990-BF09-8192C38B8A52}
	EndGlobalSection
EndGlobal
