
Microsoft Visual Studio Solution File, Format Version 12.00
# Visual Studio Version 16
VisualStudioVersion = 16.0.31727.386
MinimumVisualStudioVersion = 10.0.40219.1
Project("{2150E333-8FDC-42A3-9474-1A3956D46DE8}") = "Solution Items", "Solution Items", "{A0914794-CF62-4ABE-A9AA-F8B333C74B78}"
	ProjectSection(SolutionItems) = preProject
		Tasks.txt = Tasks.txt
	EndProjectSection
EndProject
Project("{8BC9CEB8-8B4A-11D0-8D11-00A0C91BC942}") = "P00-DaysByMonth", "P00-DaysByMonth\P00-DaysByMonth.vcxproj", "{5AF8B7DE-5782-4A32-BA43-5AE82EE02CC7}"
EndProject
Project("{8BC9CEB8-8B4A-11D0-8D11-00A0C91BC942}") = "P01-SpecialNumber", "P01-SpecialNumber\P01-SpecialNumber.vcxproj", "{DEDAA84C-6B75-46EE-ABFB-74C4C6CA340B}"
EndProject
Project("{8BC9CEB8-8B4A-11D0-8D11-00A0C91BC942}") = "P03-SumOfNumbers", "P03-SumOfNumbers\P03-SumOfNumbers.vcxproj", "{244494D7-2C88-4DA8-98DC-3BF62B959CF7}"
EndProject
Project("{8BC9CEB8-8B4A-11D0-8D11-00A0C91BC942}") = "P02-IsNumberPrime", "P02-IsNumberPrime\P02-IsNumberPrime.vcxproj", "{29C0618F-FCC2-4EAD-BDB2-33EFA8D81F0D}"
EndProject
Project("{8BC9CEB8-8B4A-11D0-8D11-00A0C91BC942}") = "P04-BiggestNegativeNumber", "P04-BiggestNegativeNumber\P04-BiggestNegativeNumber.vcxproj", "{E071CF4C-E049-4559-8F56-FC7D2F279592}"
EndProject
Project("{8BC9CEB8-8B4A-11D0-8D11-00A0C91BC942}") = "P06-ReversedNumber", "P06-ReversedNumber\P06-ReversedNumber.vcxproj", "{51731A68-F794-4185-A611-6D2E6C106FEF}"
EndProject
Project("{8BC9CEB8-8B4A-11D0-8D11-00A0C91BC942}") = "P07-PrintOutSymbolSquare", "P07-PrintOutSymbolSquare\P07-PrintOutSymbolSquare.vcxproj", "{468B5AE9-2675-413E-8FC3-A161FE430326}"
EndProject
Project("{8BC9CEB8-8B4A-11D0-8D11-00A0C91BC942}") = "P05-FiboncciNumber", "P05-FiboncciNumber\P05-FiboncciNumber.vcxproj", "{3B63EDF5-81FB-4745-8F2A-70331A782E2C}"
EndProject
Project("{8BC9CEB8-8B4A-11D0-8D11-00A0C91BC942}") = "P08-PoweredNumbers", "P08-PoweredNumbers\P08-PoweredNumbers.vcxproj", "{28844B06-0A4B-490F-B376-04E025E58666}"
EndProject
Global
	GlobalSection(SolutionConfigurationPlatforms) = preSolution
		Debug|x64 = Debug|x64
		Debug|x86 = Debug|x86
		Release|x64 = Release|x64
		Release|x86 = Release|x86
	EndGlobalSection
	GlobalSection(ProjectConfigurationPlatforms) = postSolution
		{5AF8B7DE-5782-4A32-BA43-5AE82EE02CC7}.Debug|x64.ActiveCfg = Debug|x64
		{5AF8B7DE-5782-4A32-BA43-5AE82EE02CC7}.Debug|x64.Build.0 = Debug|x64
		{5AF8B7DE-5782-4A32-BA43-5AE82EE02CC7}.Debug|x86.ActiveCfg = Debug|Win32
		{5AF8B7DE-5782-4A32-BA43-5AE82EE02CC7}.Debug|x86.Build.0 = Debug|Win32
		{5AF8B7DE-5782-4A32-BA43-5AE82EE02CC7}.Release|x64.ActiveCfg = Release|x64
		{5AF8B7DE-5782-4A32-BA43-5AE82EE02CC7}.Release|x64.Build.0 = Release|x64
		{5AF8B7DE-5782-4A32-BA43-5AE82EE02CC7}.Release|x86.ActiveCfg = Release|Win32
		{5AF8B7DE-5782-4A32-BA43-5AE82EE02CC7}.Release|x86.Build.0 = Release|Win32
		{DEDAA84C-6B75-46EE-ABFB-74C4C6CA340B}.Debug|x64.ActiveCfg = Debug|x64
		{DEDAA84C-6B75-46EE-ABFB-74C4C6CA340B}.Debug|x64.Build.0 = Debug|x64
		{DEDAA84C-6B75-46EE-ABFB-74C4C6CA340B}.Debug|x86.ActiveCfg = Debug|Win32
		{DEDAA84C-6B75-46EE-ABFB-74C4C6CA340B}.Debug|x86.Build.0 = Debug|Win32
		{DEDAA84C-6B75-46EE-ABFB-74C4C6CA340B}.Release|x64.ActiveCfg = Release|x64
		{DEDAA84C-6B75-46EE-ABFB-74C4C6CA340B}.Release|x64.Build.0 = Release|x64
		{DEDAA84C-6B75-46EE-ABFB-74C4C6CA340B}.Release|x86.ActiveCfg = Release|Win32
		{DEDAA84C-6B75-46EE-ABFB-74C4C6CA340B}.Release|x86.Build.0 = Release|Win32
		{244494D7-2C88-4DA8-98DC-3BF62B959CF7}.Debug|x64.ActiveCfg = Debug|x64
		{244494D7-2C88-4DA8-98DC-3BF62B959CF7}.Debug|x64.Build.0 = Debug|x64
		{244494D7-2C88-4DA8-98DC-3BF62B959CF7}.Debug|x86.ActiveCfg = Debug|Win32
		{244494D7-2C88-4DA8-98DC-3BF62B959CF7}.Debug|x86.Build.0 = Debug|Win32
		{244494D7-2C88-4DA8-98DC-3BF62B959CF7}.Release|x64.ActiveCfg = Release|x64
		{244494D7-2C88-4DA8-98DC-3BF62B959CF7}.Release|x64.Build.0 = Release|x64
		{244494D7-2C88-4DA8-98DC-3BF62B959CF7}.Release|x86.ActiveCfg = Release|Win32
		{244494D7-2C88-4DA8-98DC-3BF62B959CF7}.Release|x86.Build.0 = Release|Win32
		{29C0618F-FCC2-4EAD-BDB2-33EFA8D81F0D}.Debug|x64.ActiveCfg = Debug|x64
		{29C0618F-FCC2-4EAD-BDB2-33EFA8D81F0D}.Debug|x64.Build.0 = Debug|x64
		{29C0618F-FCC2-4EAD-BDB2-33EFA8D81F0D}.Debug|x86.ActiveCfg = Debug|Win32
		{29C0618F-FCC2-4EAD-BDB2-33EFA8D81F0D}.Debug|x86.Build.0 = Debug|Win32
		{29C0618F-FCC2-4EAD-BDB2-33EFA8D81F0D}.Release|x64.ActiveCfg = Release|x64
		{29C0618F-FCC2-4EAD-BDB2-33EFA8D81F0D}.Release|x64.Build.0 = Release|x64
		{29C0618F-FCC2-4EAD-BDB2-33EFA8D81F0D}.Release|x86.ActiveCfg = Release|Win32
		{29C0618F-FCC2-4EAD-BDB2-33EFA8D81F0D}.Release|x86.Build.0 = Release|Win32
		{E071CF4C-E049-4559-8F56-FC7D2F279592}.Debug|x64.ActiveCfg = Debug|x64
		{E071CF4C-E049-4559-8F56-FC7D2F279592}.Debug|x64.Build.0 = Debug|x64
		{E071CF4C-E049-4559-8F56-FC7D2F279592}.Debug|x86.ActiveCfg = Debug|Win32
		{E071CF4C-E049-4559-8F56-FC7D2F279592}.Debug|x86.Build.0 = Debug|Win32
		{E071CF4C-E049-4559-8F56-FC7D2F279592}.Release|x64.ActiveCfg = Release|x64
		{E071CF4C-E049-4559-8F56-FC7D2F279592}.Release|x64.Build.0 = Release|x64
		{E071CF4C-E049-4559-8F56-FC7D2F279592}.Release|x86.ActiveCfg = Release|Win32
		{E071CF4C-E049-4559-8F56-FC7D2F279592}.Release|x86.Build.0 = Release|Win32
		{51731A68-F794-4185-A611-6D2E6C106FEF}.Debug|x64.ActiveCfg = Debug|x64
		{51731A68-F794-4185-A611-6D2E6C106FEF}.Debug|x64.Build.0 = Debug|x64
		{51731A68-F794-4185-A611-6D2E6C106FEF}.Debug|x86.ActiveCfg = Debug|Win32
		{51731A68-F794-4185-A611-6D2E6C106FEF}.Debug|x86.Build.0 = Debug|Win32
		{51731A68-F794-4185-A611-6D2E6C106FEF}.Release|x64.ActiveCfg = Release|x64
		{51731A68-F794-4185-A611-6D2E6C106FEF}.Release|x64.Build.0 = Release|x64
		{51731A68-F794-4185-A611-6D2E6C106FEF}.Release|x86.ActiveCfg = Release|Win32
		{51731A68-F794-4185-A611-6D2E6C106FEF}.Release|x86.Build.0 = Release|Win32
		{468B5AE9-2675-413E-8FC3-A161FE430326}.Debug|x64.ActiveCfg = Debug|x64
		{468B5AE9-2675-413E-8FC3-A161FE430326}.Debug|x64.Build.0 = Debug|x64
		{468B5AE9-2675-413E-8FC3-A161FE430326}.Debug|x86.ActiveCfg = Debug|Win32
		{468B5AE9-2675-413E-8FC3-A161FE430326}.Debug|x86.Build.0 = Debug|Win32
		{468B5AE9-2675-413E-8FC3-A161FE430326}.Release|x64.ActiveCfg = Release|x64
		{468B5AE9-2675-413E-8FC3-A161FE430326}.Release|x64.Build.0 = Release|x64
		{468B5AE9-2675-413E-8FC3-A161FE430326}.Release|x86.ActiveCfg = Release|Win32
		{468B5AE9-2675-413E-8FC3-A161FE430326}.Release|x86.Build.0 = Release|Win32
		{3B63EDF5-81FB-4745-8F2A-70331A782E2C}.Debug|x64.ActiveCfg = Debug|x64
		{3B63EDF5-81FB-4745-8F2A-70331A782E2C}.Debug|x64.Build.0 = Debug|x64
		{3B63EDF5-81FB-4745-8F2A-70331A782E2C}.Debug|x86.ActiveCfg = Debug|Win32
		{3B63EDF5-81FB-4745-8F2A-70331A782E2C}.Debug|x86.Build.0 = Debug|Win32
		{3B63EDF5-81FB-4745-8F2A-70331A782E2C}.Release|x64.ActiveCfg = Release|x64
		{3B63EDF5-81FB-4745-8F2A-70331A782E2C}.Release|x64.Build.0 = Release|x64
		{3B63EDF5-81FB-4745-8F2A-70331A782E2C}.Release|x86.ActiveCfg = Release|Win32
		{3B63EDF5-81FB-4745-8F2A-70331A782E2C}.Release|x86.Build.0 = Release|Win32
		{28844B06-0A4B-490F-B376-04E025E58666}.Debug|x64.ActiveCfg = Debug|x64
		{28844B06-0A4B-490F-B376-04E025E58666}.Debug|x64.Build.0 = Debug|x64
		{28844B06-0A4B-490F-B376-04E025E58666}.Debug|x86.ActiveCfg = Debug|Win32
		{28844B06-0A4B-490F-B376-04E025E58666}.Debug|x86.Build.0 = Debug|Win32
		{28844B06-0A4B-490F-B376-04E025E58666}.Release|x64.ActiveCfg = Release|x64
		{28844B06-0A4B-490F-B376-04E025E58666}.Release|x64.Build.0 = Release|x64
		{28844B06-0A4B-490F-B376-04E025E58666}.Release|x86.ActiveCfg = Release|Win32
		{28844B06-0A4B-490F-B376-04E025E58666}.Release|x86.Build.0 = Release|Win32
	EndGlobalSection
	GlobalSection(SolutionProperties) = preSolution
		HideSolutionNode = FALSE
	EndGlobalSection
	GlobalSection(NestedProjects) = preSolution
		{5AF8B7DE-5782-4A32-BA43-5AE82EE02CC7} = {A0914794-CF62-4ABE-A9AA-F8B333C74B78}
		{DEDAA84C-6B75-46EE-ABFB-74C4C6CA340B} = {A0914794-CF62-4ABE-A9AA-F8B333C74B78}
		{244494D7-2C88-4DA8-98DC-3BF62B959CF7} = {A0914794-CF62-4ABE-A9AA-F8B333C74B78}
		{29C0618F-FCC2-4EAD-BDB2-33EFA8D81F0D} = {A0914794-CF62-4ABE-A9AA-F8B333C74B78}
		{E071CF4C-E049-4559-8F56-FC7D2F279592} = {A0914794-CF62-4ABE-A9AA-F8B333C74B78}
		{51731A68-F794-4185-A611-6D2E6C106FEF} = {A0914794-CF62-4ABE-A9AA-F8B333C74B78}
		{468B5AE9-2675-413E-8FC3-A161FE430326} = {A0914794-CF62-4ABE-A9AA-F8B333C74B78}
		{3B63EDF5-81FB-4745-8F2A-70331A782E2C} = {A0914794-CF62-4ABE-A9AA-F8B333C74B78}
		{28844B06-0A4B-490F-B376-04E025E58666} = {A0914794-CF62-4ABE-A9AA-F8B333C74B78}
	EndGlobalSection
	GlobalSection(ExtensibilityGlobals) = postSolution
		SolutionGuid = {2E3906D4-81B1-44ED-BAE8-5BF544F7EEB0}
	EndGlobalSection
EndGlobal
