
Microsoft Visual Studio Solution File, Format Version 12.00
# Visual Studio Version 17
VisualStudioVersion = 17.0.31903.59
MinimumVisualStudioVersion = 10.0.40219.1
Project("{8BC9CEB8-8B4A-11D0-8D11-00A0C91BC942}") = "P01-SwapTwoNumbers", "P01-SwapTwoNumbers\P01-SwapTwoNumbers.vcxproj", "{50D5A35E-0A59-4D9A-8959-898F771009CA}"
EndProject
Project("{2150E333-8FDC-42A3-9474-1A3956D46DE8}") = "Solution Items", "Solution Items", "{203D3D4E-1CBA-41B8-9516-43EF9011527E}"
	ProjectSection(SolutionItems) = preProject
		Tasks.txt = Tasks.txt
	EndProjectSection
EndProject
Project("{8BC9CEB8-8B4A-11D0-8D11-00A0C91BC942}") = "P02-IsDevidableBy3", "P02-IsDevidableBy3\P02-IsDevidableBy3.vcxproj", "{F27ADAE6-8645-4420-846E-32B14A1C3A88}"
EndProject
Project("{8BC9CEB8-8B4A-11D0-8D11-00A0C91BC942}") = "P03-ReturnMDigit", "P03-ReturnMDigit\P03-ReturnMDigit.vcxproj", "{51083E3C-E334-455A-A68E-9D5EA679C433}"
EndProject
Project("{8BC9CEB8-8B4A-11D0-8D11-00A0C91BC942}") = "P04-PowerNumber", "P04-PowerNumber\P04-PowerNumber.vcxproj", "{AF04B7CE-0DFF-4939-A91A-C4AAA56800D0}"
EndProject
Project("{8BC9CEB8-8B4A-11D0-8D11-00A0C91BC942}") = "P05-OrderedPair", "P05-OrderedPair\P05-OrderedPair.vcxproj", "{95928C2D-CCB7-4CE1-9619-F16564EF9BC4}"
EndProject
Project("{8BC9CEB8-8B4A-11D0-8D11-00A0C91BC942}") = "P06-PrintOutPerfectNumbers", "P06-PrintOutPerfectNumbers\P06-PrintOutPerfectNumbers.vcxproj", "{5D29702A-C5FC-428A-980F-4ADADE48E5C2}"
EndProject
Project("{8BC9CEB8-8B4A-11D0-8D11-00A0C91BC942}") = "P07-PrintNumbersWithPrimeDividers", "P07-PrintNumbersWithPrimeDividers\P07-PrintNumbersWithPrimeDividers.vcxproj", "{3841A714-0E45-4080-953D-B74444E137E0}"
EndProject
Project("{8BC9CEB8-8B4A-11D0-8D11-00A0C91BC942}") = "P08-IsDateValid", "P08-IsDateValid\P08-IsDateValid.vcxproj", "{A11F0301-50EB-40D7-ABAE-AE4641117773}"
EndProject
Global
	GlobalSection(SolutionConfigurationPlatforms) = preSolution
		Debug|x64 = Debug|x64
		Debug|x86 = Debug|x86
		Release|x64 = Release|x64
		Release|x86 = Release|x86
	EndGlobalSection
	GlobalSection(ProjectConfigurationPlatforms) = postSolution
		{50D5A35E-0A59-4D9A-8959-898F771009CA}.Debug|x64.ActiveCfg = Debug|x64
		{50D5A35E-0A59-4D9A-8959-898F771009CA}.Debug|x64.Build.0 = Debug|x64
		{50D5A35E-0A59-4D9A-8959-898F771009CA}.Debug|x86.ActiveCfg = Debug|Win32
		{50D5A35E-0A59-4D9A-8959-898F771009CA}.Debug|x86.Build.0 = Debug|Win32
		{50D5A35E-0A59-4D9A-8959-898F771009CA}.Release|x64.ActiveCfg = Release|x64
		{50D5A35E-0A59-4D9A-8959-898F771009CA}.Release|x64.Build.0 = Release|x64
		{50D5A35E-0A59-4D9A-8959-898F771009CA}.Release|x86.ActiveCfg = Release|Win32
		{50D5A35E-0A59-4D9A-8959-898F771009CA}.Release|x86.Build.0 = Release|Win32
		{F27ADAE6-8645-4420-846E-32B14A1C3A88}.Debug|x64.ActiveCfg = Debug|x64
		{F27ADAE6-8645-4420-846E-32B14A1C3A88}.Debug|x64.Build.0 = Debug|x64
		{F27ADAE6-8645-4420-846E-32B14A1C3A88}.Debug|x86.ActiveCfg = Debug|Win32
		{F27ADAE6-8645-4420-846E-32B14A1C3A88}.Debug|x86.Build.0 = Debug|Win32
		{F27ADAE6-8645-4420-846E-32B14A1C3A88}.Release|x64.ActiveCfg = Release|x64
		{F27ADAE6-8645-4420-846E-32B14A1C3A88}.Release|x64.Build.0 = Release|x64
		{F27ADAE6-8645-4420-846E-32B14A1C3A88}.Release|x86.ActiveCfg = Release|Win32
		{F27ADAE6-8645-4420-846E-32B14A1C3A88}.Release|x86.Build.0 = Release|Win32
		{51083E3C-E334-455A-A68E-9D5EA679C433}.Debug|x64.ActiveCfg = Debug|x64
		{51083E3C-E334-455A-A68E-9D5EA679C433}.Debug|x64.Build.0 = Debug|x64
		{51083E3C-E334-455A-A68E-9D5EA679C433}.Debug|x86.ActiveCfg = Debug|Win32
		{51083E3C-E334-455A-A68E-9D5EA679C433}.Debug|x86.Build.0 = Debug|Win32
		{51083E3C-E334-455A-A68E-9D5EA679C433}.Release|x64.ActiveCfg = Release|x64
		{51083E3C-E334-455A-A68E-9D5EA679C433}.Release|x64.Build.0 = Release|x64
		{51083E3C-E334-455A-A68E-9D5EA679C433}.Release|x86.ActiveCfg = Release|Win32
		{51083E3C-E334-455A-A68E-9D5EA679C433}.Release|x86.Build.0 = Release|Win32
		{AF04B7CE-0DFF-4939-A91A-C4AAA56800D0}.Debug|x64.ActiveCfg = Debug|x64
		{AF04B7CE-0DFF-4939-A91A-C4AAA56800D0}.Debug|x64.Build.0 = Debug|x64
		{AF04B7CE-0DFF-4939-A91A-C4AAA56800D0}.Debug|x86.ActiveCfg = Debug|Win32
		{AF04B7CE-0DFF-4939-A91A-C4AAA56800D0}.Debug|x86.Build.0 = Debug|Win32
		{AF04B7CE-0DFF-4939-A91A-C4AAA56800D0}.Release|x64.ActiveCfg = Release|x64
		{AF04B7CE-0DFF-4939-A91A-C4AAA56800D0}.Release|x64.Build.0 = Release|x64
		{AF04B7CE-0DFF-4939-A91A-C4AAA56800D0}.Release|x86.ActiveCfg = Release|Win32
		{AF04B7CE-0DFF-4939-A91A-C4AAA56800D0}.Release|x86.Build.0 = Release|Win32
		{95928C2D-CCB7-4CE1-9619-F16564EF9BC4}.Debug|x64.ActiveCfg = Debug|x64
		{95928C2D-CCB7-4CE1-9619-F16564EF9BC4}.Debug|x64.Build.0 = Debug|x64
		{95928C2D-CCB7-4CE1-9619-F16564EF9BC4}.Debug|x86.ActiveCfg = Debug|Win32
		{95928C2D-CCB7-4CE1-9619-F16564EF9BC4}.Debug|x86.Build.0 = Debug|Win32
		{95928C2D-CCB7-4CE1-9619-F16564EF9BC4}.Release|x64.ActiveCfg = Release|x64
		{95928C2D-CCB7-4CE1-9619-F16564EF9BC4}.Release|x64.Build.0 = Release|x64
		{95928C2D-CCB7-4CE1-9619-F16564EF9BC4}.Release|x86.ActiveCfg = Release|Win32
		{95928C2D-CCB7-4CE1-9619-F16564EF9BC4}.Release|x86.Build.0 = Release|Win32
		{5D29702A-C5FC-428A-980F-4ADADE48E5C2}.Debug|x64.ActiveCfg = Debug|x64
		{5D29702A-C5FC-428A-980F-4ADADE48E5C2}.Debug|x64.Build.0 = Debug|x64
		{5D29702A-C5FC-428A-980F-4ADADE48E5C2}.Debug|x86.ActiveCfg = Debug|Win32
		{5D29702A-C5FC-428A-980F-4ADADE48E5C2}.Debug|x86.Build.0 = Debug|Win32
		{5D29702A-C5FC-428A-980F-4ADADE48E5C2}.Release|x64.ActiveCfg = Release|x64
		{5D29702A-C5FC-428A-980F-4ADADE48E5C2}.Release|x64.Build.0 = Release|x64
		{5D29702A-C5FC-428A-980F-4ADADE48E5C2}.Release|x86.ActiveCfg = Release|Win32
		{5D29702A-C5FC-428A-980F-4ADADE48E5C2}.Release|x86.Build.0 = Release|Win32
		{3841A714-0E45-4080-953D-B74444E137E0}.Debug|x64.ActiveCfg = Debug|x64
		{3841A714-0E45-4080-953D-B74444E137E0}.Debug|x64.Build.0 = Debug|x64
		{3841A714-0E45-4080-953D-B74444E137E0}.Debug|x86.ActiveCfg = Debug|Win32
		{3841A714-0E45-4080-953D-B74444E137E0}.Debug|x86.Build.0 = Debug|Win32
		{3841A714-0E45-4080-953D-B74444E137E0}.Release|x64.ActiveCfg = Release|x64
		{3841A714-0E45-4080-953D-B74444E137E0}.Release|x64.Build.0 = Release|x64
		{3841A714-0E45-4080-953D-B74444E137E0}.Release|x86.ActiveCfg = Release|Win32
		{3841A714-0E45-4080-953D-B74444E137E0}.Release|x86.Build.0 = Release|Win32
		{A11F0301-50EB-40D7-ABAE-AE4641117773}.Debug|x64.ActiveCfg = Debug|x64
		{A11F0301-50EB-40D7-ABAE-AE4641117773}.Debug|x64.Build.0 = Debug|x64
		{A11F0301-50EB-40D7-ABAE-AE4641117773}.Debug|x86.ActiveCfg = Debug|Win32
		{A11F0301-50EB-40D7-ABAE-AE4641117773}.Debug|x86.Build.0 = Debug|Win32
		{A11F0301-50EB-40D7-ABAE-AE4641117773}.Release|x64.ActiveCfg = Release|x64
		{A11F0301-50EB-40D7-ABAE-AE4641117773}.Release|x64.Build.0 = Release|x64
		{A11F0301-50EB-40D7-ABAE-AE4641117773}.Release|x86.ActiveCfg = Release|Win32
		{A11F0301-50EB-40D7-ABAE-AE4641117773}.Release|x86.Build.0 = Release|Win32
	EndGlobalSection
	GlobalSection(SolutionProperties) = preSolution
		HideSolutionNode = FALSE
	EndGlobalSection
	GlobalSection(NestedProjects) = preSolution
		{3841A714-0E45-4080-953D-B74444E137E0} = {203D3D4E-1CBA-41B8-9516-43EF9011527E}
	EndGlobalSection
	GlobalSection(ExtensibilityGlobals) = postSolution
		SolutionGuid = {F38CBEE1-7E4E-4801-8198-8211B1FF1672}
	EndGlobalSection
EndGlobal
