
Microsoft Visual Studio Solution File, Format Version 12.00
# Visual Studio Version 17
VisualStudioVersion = 17.0.31903.59
MinimumVisualStudioVersion = 10.0.40219.1
Project("{8BC9CEB8-8B4A-11D0-8D11-00A0C91BC942}") = "P01-SwapNumbers", "P01-SwapNumbers\P01-SwapNumbers.vcxproj", "{D455A70B-B2DF-47A1-93F7-EEE67A4F5E14}"
EndProject
Project("{2150E333-8FDC-42A3-9474-1A3956D46DE8}") = "Solution Items", "Solution Items", "{78B2E477-ABE3-4F46-BEF5-608DFF399124}"
	ProjectSection(SolutionItems) = preProject
		Tasks.txt = Tasks.txt
	EndProjectSection
EndProject
Project("{8BC9CEB8-8B4A-11D0-8D11-00A0C91BC942}") = "P02-ReturnPointerToArrElemenet", "P02-ReturnPointerToArrElemenet\P02-ReturnPointerToArrElemenet.vcxproj", "{EF4009FA-31F6-4FC6-95CA-9C36A256D8E7}"
EndProject
Project("{8BC9CEB8-8B4A-11D0-8D11-00A0C91BC942}") = "P03-PointToArrWithMinSum", "P03-PointToArrWithMinSum\P03-PointToArrWithMinSum.vcxproj", "{C35EF024-3466-4144-A260-6FBD5CD5C2FB}"
EndProject
Project("{8BC9CEB8-8B4A-11D0-8D11-00A0C91BC942}") = "P04-PrintFunc", "P04-PrintFunc\P04-PrintFunc.vcxproj", "{D0B809AD-57FF-49C2-B581-81776DC76B6D}"
EndProject
Project("{8BC9CEB8-8B4A-11D0-8D11-00A0C91BC942}") = "P05-Combine2ArraysInSortedArray", "P05-Combine2ArraysInSortedArray\P05-Combine2ArraysInSortedArray.vcxproj", "{B9E646E2-B70C-494C-AF69-C3BDFC90E037}"
EndProject
Project("{8BC9CEB8-8B4A-11D0-8D11-00A0C91BC942}") = "P06-ReverseArray", "P06-ReverseArray\P06-ReverseArray.vcxproj", "{775CBF68-30D9-4114-96B7-33DE34BAF195}"
EndProject
Global
	GlobalSection(SolutionConfigurationPlatforms) = preSolution
		Debug|x64 = Debug|x64
		Debug|x86 = Debug|x86
		Release|x64 = Release|x64
		Release|x86 = Release|x86
	EndGlobalSection
	GlobalSection(ProjectConfigurationPlatforms) = postSolution
		{D455A70B-B2DF-47A1-93F7-EEE67A4F5E14}.Debug|x64.ActiveCfg = Debug|x64
		{D455A70B-B2DF-47A1-93F7-EEE67A4F5E14}.Debug|x64.Build.0 = Debug|x64
		{D455A70B-B2DF-47A1-93F7-EEE67A4F5E14}.Debug|x86.ActiveCfg = Debug|Win32
		{D455A70B-B2DF-47A1-93F7-EEE67A4F5E14}.Debug|x86.Build.0 = Debug|Win32
		{D455A70B-B2DF-47A1-93F7-EEE67A4F5E14}.Release|x64.ActiveCfg = Release|x64
		{D455A70B-B2DF-47A1-93F7-EEE67A4F5E14}.Release|x64.Build.0 = Release|x64
		{D455A70B-B2DF-47A1-93F7-EEE67A4F5E14}.Release|x86.ActiveCfg = Release|Win32
		{D455A70B-B2DF-47A1-93F7-EEE67A4F5E14}.Release|x86.Build.0 = Release|Win32
		{EF4009FA-31F6-4FC6-95CA-9C36A256D8E7}.Debug|x64.ActiveCfg = Debug|x64
		{EF4009FA-31F6-4FC6-95CA-9C36A256D8E7}.Debug|x64.Build.0 = Debug|x64
		{EF4009FA-31F6-4FC6-95CA-9C36A256D8E7}.Debug|x86.ActiveCfg = Debug|Win32
		{EF4009FA-31F6-4FC6-95CA-9C36A256D8E7}.Debug|x86.Build.0 = Debug|Win32
		{EF4009FA-31F6-4FC6-95CA-9C36A256D8E7}.Release|x64.ActiveCfg = Release|x64
		{EF4009FA-31F6-4FC6-95CA-9C36A256D8E7}.Release|x64.Build.0 = Release|x64
		{EF4009FA-31F6-4FC6-95CA-9C36A256D8E7}.Release|x86.ActiveCfg = Release|Win32
		{EF4009FA-31F6-4FC6-95CA-9C36A256D8E7}.Release|x86.Build.0 = Release|Win32
		{C35EF024-3466-4144-A260-6FBD5CD5C2FB}.Debug|x64.ActiveCfg = Debug|x64
		{C35EF024-3466-4144-A260-6FBD5CD5C2FB}.Debug|x64.Build.0 = Debug|x64
		{C35EF024-3466-4144-A260-6FBD5CD5C2FB}.Debug|x86.ActiveCfg = Debug|Win32
		{C35EF024-3466-4144-A260-6FBD5CD5C2FB}.Debug|x86.Build.0 = Debug|Win32
		{C35EF024-3466-4144-A260-6FBD5CD5C2FB}.Release|x64.ActiveCfg = Release|x64
		{C35EF024-3466-4144-A260-6FBD5CD5C2FB}.Release|x64.Build.0 = Release|x64
		{C35EF024-3466-4144-A260-6FBD5CD5C2FB}.Release|x86.ActiveCfg = Release|Win32
		{C35EF024-3466-4144-A260-6FBD5CD5C2FB}.Release|x86.Build.0 = Release|Win32
		{D0B809AD-57FF-49C2-B581-81776DC76B6D}.Debug|x64.ActiveCfg = Debug|x64
		{D0B809AD-57FF-49C2-B581-81776DC76B6D}.Debug|x64.Build.0 = Debug|x64
		{D0B809AD-57FF-49C2-B581-81776DC76B6D}.Debug|x86.ActiveCfg = Debug|Win32
		{D0B809AD-57FF-49C2-B581-81776DC76B6D}.Debug|x86.Build.0 = Debug|Win32
		{D0B809AD-57FF-49C2-B581-81776DC76B6D}.Release|x64.ActiveCfg = Release|x64
		{D0B809AD-57FF-49C2-B581-81776DC76B6D}.Release|x64.Build.0 = Release|x64
		{D0B809AD-57FF-49C2-B581-81776DC76B6D}.Release|x86.ActiveCfg = Release|Win32
		{D0B809AD-57FF-49C2-B581-81776DC76B6D}.Release|x86.Build.0 = Release|Win32
		{B9E646E2-B70C-494C-AF69-C3BDFC90E037}.Debug|x64.ActiveCfg = Debug|x64
		{B9E646E2-B70C-494C-AF69-C3BDFC90E037}.Debug|x64.Build.0 = Debug|x64
		{B9E646E2-B70C-494C-AF69-C3BDFC90E037}.Debug|x86.ActiveCfg = Debug|Win32
		{B9E646E2-B70C-494C-AF69-C3BDFC90E037}.Debug|x86.Build.0 = Debug|Win32
		{B9E646E2-B70C-494C-AF69-C3BDFC90E037}.Release|x64.ActiveCfg = Release|x64
		{B9E646E2-B70C-494C-AF69-C3BDFC90E037}.Release|x64.Build.0 = Release|x64
		{B9E646E2-B70C-494C-AF69-C3BDFC90E037}.Release|x86.ActiveCfg = Release|Win32
		{B9E646E2-B70C-494C-AF69-C3BDFC90E037}.Release|x86.Build.0 = Release|Win32
		{775CBF68-30D9-4114-96B7-33DE34BAF195}.Debug|x64.ActiveCfg = Debug|x64
		{775CBF68-30D9-4114-96B7-33DE34BAF195}.Debug|x64.Build.0 = Debug|x64
		{775CBF68-30D9-4114-96B7-33DE34BAF195}.Debug|x86.ActiveCfg = Debug|Win32
		{775CBF68-30D9-4114-96B7-33DE34BAF195}.Debug|x86.Build.0 = Debug|Win32
		{775CBF68-30D9-4114-96B7-33DE34BAF195}.Release|x64.ActiveCfg = Release|x64
		{775CBF68-30D9-4114-96B7-33DE34BAF195}.Release|x64.Build.0 = Release|x64
		{775CBF68-30D9-4114-96B7-33DE34BAF195}.Release|x86.ActiveCfg = Release|Win32
		{775CBF68-30D9-4114-96B7-33DE34BAF195}.Release|x86.Build.0 = Release|Win32
	EndGlobalSection
	GlobalSection(SolutionProperties) = preSolution
		HideSolutionNode = FALSE
	EndGlobalSection
	GlobalSection(ExtensibilityGlobals) = postSolution
		SolutionGuid = {D7AA5049-93C8-4A99-AF62-C377B0CB870E}
	EndGlobalSection
EndGlobal
