
Microsoft Visual Studio Solution File, Format Version 12.00
# Visual Studio Version 17
VisualStudioVersion = 17.0.32112.339
MinimumVisualStudioVersion = 10.0.40219.1
Project("{8BC9CEB8-8B4A-11D0-8D11-00A0C91BC942}") = "P01-4SquareMatrixes", "P01-4SquareMatrixes\P01-4SquareMatrixes.vcxproj", "{7697C3AF-542F-4666-B03A-FB84B46AF761}"
EndProject
Project("{8BC9CEB8-8B4A-11D0-8D11-00A0C91BC942}") = "P02-LettersInOrder", "P02-LettersInOrder\P02-LettersInOrder.vcxproj", "{7B9955F0-3408-45FC-87E0-016561328782}"
EndProject
Project("{8BC9CEB8-8B4A-11D0-8D11-00A0C91BC942}") = "P03-UpMatrixCounter", "P03-UpMatrixCounter\P03-UpMatrixCounter.vcxproj", "{A2A165EF-673A-4856-B8F3-6374C59FD3A8}"
EndProject
Project("{8BC9CEB8-8B4A-11D0-8D11-00A0C91BC942}") = "P04-MinMaxNumberOutOf3", "P04-MinMaxNumberOutOf3\P04-MinMaxNumberOutOf3.vcxproj", "{509BCDB7-B0BE-40D7-91CB-C79C31314140}"
EndProject
Project("{8BC9CEB8-8B4A-11D0-8D11-00A0C91BC942}") = "P00-Comments", "P00-Comments\P00-Comments.vcxproj", "{6ACC1940-2DAB-4CC7-B548-6ECF50891CAB}"
EndProject
Project("{8BC9CEB8-8B4A-11D0-8D11-00A0C91BC942}") = "ConsoleApplication1", "ConsoleApplication1\ConsoleApplication1.vcxproj", "{8BAAC90D-C1E8-49C1-B27E-546C0C4FF00C}"
EndProject
Project("{8BC9CEB8-8B4A-11D0-8D11-00A0C91BC942}") = "P05-Strlen", "P05-Strlen\P05-Strlen.vcxproj", "{5980B584-E7DF-46CC-B65C-9CD038186455}"
EndProject
Project("{8BC9CEB8-8B4A-11D0-8D11-00A0C91BC942}") = "P06-FillMatrix", "P06-FillMatrix\P06-FillMatrix.vcxproj", "{400009F1-54B7-4DC4-976E-CAF72AAA4C23}"
EndProject
Project("{8BC9CEB8-8B4A-11D0-8D11-00A0C91BC942}") = "P07-CanThisBeVariableName", "P07-CanThisBeVariableName\P07-CanThisBeVariableName.vcxproj", "{D50ECDFF-D98E-4D37-933A-73139A57FA9F}"
EndProject
Project("{8BC9CEB8-8B4A-11D0-8D11-00A0C91BC942}") = "P08-AreAllNumbersIncluded", "P08-AreAllNumbersIncluded\P08-AreAllNumbersIncluded.vcxproj", "{BE731FC8-E0DE-4A96-B102-53BDDF10473F}"
EndProject
Project("{8BC9CEB8-8B4A-11D0-8D11-00A0C91BC942}") = "P08-CountWords", "P08-CountWords\P08-CountWords.vcxproj", "{9E15E5FE-71C8-4DDD-A3AB-0692B52F26FB}"
EndProject
Project("{8BC9CEB8-8B4A-11D0-8D11-00A0C91BC942}") = "P09-Fibonacci", "P09-Fibonacci\P09-Fibonacci.vcxproj", "{07D9138D-73B8-4EB9-A88B-6C292902CD52}"
EndProject
Project("{8BC9CEB8-8B4A-11D0-8D11-00A0C91BC942}") = "P10-MinElement", "P10-MinElement\P10-MinElement.vcxproj", "{DAD4A446-D4F8-4E1A-A025-E5B11302F11C}"
EndProject
Project("{8BC9CEB8-8B4A-11D0-8D11-00A0C91BC942}") = "P11-DecToBinary", "P11-DecToBinary\P11-DecToBinary.vcxproj", "{097215BB-6186-468B-88DB-8215BEA1D573}"
EndProject
Global
	GlobalSection(SolutionConfigurationPlatforms) = preSolution
		Debug|x64 = Debug|x64
		Debug|x86 = Debug|x86
		Release|x64 = Release|x64
		Release|x86 = Release|x86
	EndGlobalSection
	GlobalSection(ProjectConfigurationPlatforms) = postSolution
		{7697C3AF-542F-4666-B03A-FB84B46AF761}.Debug|x64.ActiveCfg = Debug|x64
		{7697C3AF-542F-4666-B03A-FB84B46AF761}.Debug|x64.Build.0 = Debug|x64
		{7697C3AF-542F-4666-B03A-FB84B46AF761}.Debug|x86.ActiveCfg = Debug|Win32
		{7697C3AF-542F-4666-B03A-FB84B46AF761}.Debug|x86.Build.0 = Debug|Win32
		{7697C3AF-542F-4666-B03A-FB84B46AF761}.Release|x64.ActiveCfg = Release|x64
		{7697C3AF-542F-4666-B03A-FB84B46AF761}.Release|x64.Build.0 = Release|x64
		{7697C3AF-542F-4666-B03A-FB84B46AF761}.Release|x86.ActiveCfg = Release|Win32
		{7697C3AF-542F-4666-B03A-FB84B46AF761}.Release|x86.Build.0 = Release|Win32
		{7B9955F0-3408-45FC-87E0-016561328782}.Debug|x64.ActiveCfg = Debug|x64
		{7B9955F0-3408-45FC-87E0-016561328782}.Debug|x64.Build.0 = Debug|x64
		{7B9955F0-3408-45FC-87E0-016561328782}.Debug|x86.ActiveCfg = Debug|Win32
		{7B9955F0-3408-45FC-87E0-016561328782}.Debug|x86.Build.0 = Debug|Win32
		{7B9955F0-3408-45FC-87E0-016561328782}.Release|x64.ActiveCfg = Release|x64
		{7B9955F0-3408-45FC-87E0-016561328782}.Release|x64.Build.0 = Release|x64
		{7B9955F0-3408-45FC-87E0-016561328782}.Release|x86.ActiveCfg = Release|Win32
		{7B9955F0-3408-45FC-87E0-016561328782}.Release|x86.Build.0 = Release|Win32
		{A2A165EF-673A-4856-B8F3-6374C59FD3A8}.Debug|x64.ActiveCfg = Debug|x64
		{A2A165EF-673A-4856-B8F3-6374C59FD3A8}.Debug|x64.Build.0 = Debug|x64
		{A2A165EF-673A-4856-B8F3-6374C59FD3A8}.Debug|x86.ActiveCfg = Debug|Win32
		{A2A165EF-673A-4856-B8F3-6374C59FD3A8}.Debug|x86.Build.0 = Debug|Win32
		{A2A165EF-673A-4856-B8F3-6374C59FD3A8}.Release|x64.ActiveCfg = Release|x64
		{A2A165EF-673A-4856-B8F3-6374C59FD3A8}.Release|x64.Build.0 = Release|x64
		{A2A165EF-673A-4856-B8F3-6374C59FD3A8}.Release|x86.ActiveCfg = Release|Win32
		{A2A165EF-673A-4856-B8F3-6374C59FD3A8}.Release|x86.Build.0 = Release|Win32
		{509BCDB7-B0BE-40D7-91CB-C79C31314140}.Debug|x64.ActiveCfg = Debug|x64
		{509BCDB7-B0BE-40D7-91CB-C79C31314140}.Debug|x64.Build.0 = Debug|x64
		{509BCDB7-B0BE-40D7-91CB-C79C31314140}.Debug|x86.ActiveCfg = Debug|Win32
		{509BCDB7-B0BE-40D7-91CB-C79C31314140}.Debug|x86.Build.0 = Debug|Win32
		{509BCDB7-B0BE-40D7-91CB-C79C31314140}.Release|x64.ActiveCfg = Release|x64
		{509BCDB7-B0BE-40D7-91CB-C79C31314140}.Release|x64.Build.0 = Release|x64
		{509BCDB7-B0BE-40D7-91CB-C79C31314140}.Release|x86.ActiveCfg = Release|Win32
		{509BCDB7-B0BE-40D7-91CB-C79C31314140}.Release|x86.Build.0 = Release|Win32
		{6ACC1940-2DAB-4CC7-B548-6ECF50891CAB}.Debug|x64.ActiveCfg = Debug|x64
		{6ACC1940-2DAB-4CC7-B548-6ECF50891CAB}.Debug|x64.Build.0 = Debug|x64
		{6ACC1940-2DAB-4CC7-B548-6ECF50891CAB}.Debug|x86.ActiveCfg = Debug|Win32
		{6ACC1940-2DAB-4CC7-B548-6ECF50891CAB}.Debug|x86.Build.0 = Debug|Win32
		{6ACC1940-2DAB-4CC7-B548-6ECF50891CAB}.Release|x64.ActiveCfg = Release|x64
		{6ACC1940-2DAB-4CC7-B548-6ECF50891CAB}.Release|x64.Build.0 = Release|x64
		{6ACC1940-2DAB-4CC7-B548-6ECF50891CAB}.Release|x86.ActiveCfg = Release|Win32
		{6ACC1940-2DAB-4CC7-B548-6ECF50891CAB}.Release|x86.Build.0 = Release|Win32
		{8BAAC90D-C1E8-49C1-B27E-546C0C4FF00C}.Debug|x64.ActiveCfg = Debug|x64
		{8BAAC90D-C1E8-49C1-B27E-546C0C4FF00C}.Debug|x64.Build.0 = Debug|x64
		{8BAAC90D-C1E8-49C1-B27E-546C0C4FF00C}.Debug|x86.ActiveCfg = Debug|Win32
		{8BAAC90D-C1E8-49C1-B27E-546C0C4FF00C}.Debug|x86.Build.0 = Debug|Win32
		{8BAAC90D-C1E8-49C1-B27E-546C0C4FF00C}.Release|x64.ActiveCfg = Release|x64
		{8BAAC90D-C1E8-49C1-B27E-546C0C4FF00C}.Release|x64.Build.0 = Release|x64
		{8BAAC90D-C1E8-49C1-B27E-546C0C4FF00C}.Release|x86.ActiveCfg = Release|Win32
		{8BAAC90D-C1E8-49C1-B27E-546C0C4FF00C}.Release|x86.Build.0 = Release|Win32
		{5980B584-E7DF-46CC-B65C-9CD038186455}.Debug|x64.ActiveCfg = Debug|x64
		{5980B584-E7DF-46CC-B65C-9CD038186455}.Debug|x64.Build.0 = Debug|x64
		{5980B584-E7DF-46CC-B65C-9CD038186455}.Debug|x86.ActiveCfg = Debug|Win32
		{5980B584-E7DF-46CC-B65C-9CD038186455}.Debug|x86.Build.0 = Debug|Win32
		{5980B584-E7DF-46CC-B65C-9CD038186455}.Release|x64.ActiveCfg = Release|x64
		{5980B584-E7DF-46CC-B65C-9CD038186455}.Release|x64.Build.0 = Release|x64
		{5980B584-E7DF-46CC-B65C-9CD038186455}.Release|x86.ActiveCfg = Release|Win32
		{5980B584-E7DF-46CC-B65C-9CD038186455}.Release|x86.Build.0 = Release|Win32
		{400009F1-54B7-4DC4-976E-CAF72AAA4C23}.Debug|x64.ActiveCfg = Debug|x64
		{400009F1-54B7-4DC4-976E-CAF72AAA4C23}.Debug|x64.Build.0 = Debug|x64
		{400009F1-54B7-4DC4-976E-CAF72AAA4C23}.Debug|x86.ActiveCfg = Debug|Win32
		{400009F1-54B7-4DC4-976E-CAF72AAA4C23}.Debug|x86.Build.0 = Debug|Win32
		{400009F1-54B7-4DC4-976E-CAF72AAA4C23}.Release|x64.ActiveCfg = Release|x64
		{400009F1-54B7-4DC4-976E-CAF72AAA4C23}.Release|x64.Build.0 = Release|x64
		{400009F1-54B7-4DC4-976E-CAF72AAA4C23}.Release|x86.ActiveCfg = Release|Win32
		{400009F1-54B7-4DC4-976E-CAF72AAA4C23}.Release|x86.Build.0 = Release|Win32
		{D50ECDFF-D98E-4D37-933A-73139A57FA9F}.Debug|x64.ActiveCfg = Debug|x64
		{D50ECDFF-D98E-4D37-933A-73139A57FA9F}.Debug|x64.Build.0 = Debug|x64
		{D50ECDFF-D98E-4D37-933A-73139A57FA9F}.Debug|x86.ActiveCfg = Debug|Win32
		{D50ECDFF-D98E-4D37-933A-73139A57FA9F}.Debug|x86.Build.0 = Debug|Win32
		{D50ECDFF-D98E-4D37-933A-73139A57FA9F}.Release|x64.ActiveCfg = Release|x64
		{D50ECDFF-D98E-4D37-933A-73139A57FA9F}.Release|x64.Build.0 = Release|x64
		{D50ECDFF-D98E-4D37-933A-73139A57FA9F}.Release|x86.ActiveCfg = Release|Win32
		{D50ECDFF-D98E-4D37-933A-73139A57FA9F}.Release|x86.Build.0 = Release|Win32
		{BE731FC8-E0DE-4A96-B102-53BDDF10473F}.Debug|x64.ActiveCfg = Debug|x64
		{BE731FC8-E0DE-4A96-B102-53BDDF10473F}.Debug|x64.Build.0 = Debug|x64
		{BE731FC8-E0DE-4A96-B102-53BDDF10473F}.Debug|x86.ActiveCfg = Debug|Win32
		{BE731FC8-E0DE-4A96-B102-53BDDF10473F}.Debug|x86.Build.0 = Debug|Win32
		{BE731FC8-E0DE-4A96-B102-53BDDF10473F}.Release|x64.ActiveCfg = Release|x64
		{BE731FC8-E0DE-4A96-B102-53BDDF10473F}.Release|x64.Build.0 = Release|x64
		{BE731FC8-E0DE-4A96-B102-53BDDF10473F}.Release|x86.ActiveCfg = Release|Win32
		{BE731FC8-E0DE-4A96-B102-53BDDF10473F}.Release|x86.Build.0 = Release|Win32
		{9E15E5FE-71C8-4DDD-A3AB-0692B52F26FB}.Debug|x64.ActiveCfg = Debug|x64
		{9E15E5FE-71C8-4DDD-A3AB-0692B52F26FB}.Debug|x64.Build.0 = Debug|x64
		{9E15E5FE-71C8-4DDD-A3AB-0692B52F26FB}.Debug|x86.ActiveCfg = Debug|Win32
		{9E15E5FE-71C8-4DDD-A3AB-0692B52F26FB}.Debug|x86.Build.0 = Debug|Win32
		{9E15E5FE-71C8-4DDD-A3AB-0692B52F26FB}.Release|x64.ActiveCfg = Release|x64
		{9E15E5FE-71C8-4DDD-A3AB-0692B52F26FB}.Release|x64.Build.0 = Release|x64
		{9E15E5FE-71C8-4DDD-A3AB-0692B52F26FB}.Release|x86.ActiveCfg = Release|Win32
		{9E15E5FE-71C8-4DDD-A3AB-0692B52F26FB}.Release|x86.Build.0 = Release|Win32
		{07D9138D-73B8-4EB9-A88B-6C292902CD52}.Debug|x64.ActiveCfg = Debug|x64
		{07D9138D-73B8-4EB9-A88B-6C292902CD52}.Debug|x64.Build.0 = Debug|x64
		{07D9138D-73B8-4EB9-A88B-6C292902CD52}.Debug|x86.ActiveCfg = Debug|Win32
		{07D9138D-73B8-4EB9-A88B-6C292902CD52}.Debug|x86.Build.0 = Debug|Win32
		{07D9138D-73B8-4EB9-A88B-6C292902CD52}.Release|x64.ActiveCfg = Release|x64
		{07D9138D-73B8-4EB9-A88B-6C292902CD52}.Release|x64.Build.0 = Release|x64
		{07D9138D-73B8-4EB9-A88B-6C292902CD52}.Release|x86.ActiveCfg = Release|Win32
		{07D9138D-73B8-4EB9-A88B-6C292902CD52}.Release|x86.Build.0 = Release|Win32
		{DAD4A446-D4F8-4E1A-A025-E5B11302F11C}.Debug|x64.ActiveCfg = Debug|x64
		{DAD4A446-D4F8-4E1A-A025-E5B11302F11C}.Debug|x64.Build.0 = Debug|x64
		{DAD4A446-D4F8-4E1A-A025-E5B11302F11C}.Debug|x86.ActiveCfg = Debug|Win32
		{DAD4A446-D4F8-4E1A-A025-E5B11302F11C}.Debug|x86.Build.0 = Debug|Win32
		{DAD4A446-D4F8-4E1A-A025-E5B11302F11C}.Release|x64.ActiveCfg = Release|x64
		{DAD4A446-D4F8-4E1A-A025-E5B11302F11C}.Release|x64.Build.0 = Release|x64
		{DAD4A446-D4F8-4E1A-A025-E5B11302F11C}.Release|x86.ActiveCfg = Release|Win32
		{DAD4A446-D4F8-4E1A-A025-E5B11302F11C}.Release|x86.Build.0 = Release|Win32
		{097215BB-6186-468B-88DB-8215BEA1D573}.Debug|x64.ActiveCfg = Debug|x64
		{097215BB-6186-468B-88DB-8215BEA1D573}.Debug|x64.Build.0 = Debug|x64
		{097215BB-6186-468B-88DB-8215BEA1D573}.Debug|x86.ActiveCfg = Debug|Win32
		{097215BB-6186-468B-88DB-8215BEA1D573}.Debug|x86.Build.0 = Debug|Win32
		{097215BB-6186-468B-88DB-8215BEA1D573}.Release|x64.ActiveCfg = Release|x64
		{097215BB-6186-468B-88DB-8215BEA1D573}.Release|x64.Build.0 = Release|x64
		{097215BB-6186-468B-88DB-8215BEA1D573}.Release|x86.ActiveCfg = Release|Win32
		{097215BB-6186-468B-88DB-8215BEA1D573}.Release|x86.Build.0 = Release|Win32
	EndGlobalSection
	GlobalSection(SolutionProperties) = preSolution
		HideSolutionNode = FALSE
	EndGlobalSection
	GlobalSection(ExtensibilityGlobals) = postSolution
		SolutionGuid = {8E1F25E0-D3B5-44B3-9745-A3FF0A621EAE}
	EndGlobalSection
EndGlobal
