
Microsoft Visual Studio Solution File, Format Version 12.00
# Visual Studio Version 17
VisualStudioVersion = 17.0.32014.148
MinimumVisualStudioVersion = 10.0.40219.1
Project("{2150E333-8FDC-42A3-9474-1A3956D46DE8}") = "Solution Items", "Solution Items", "{EF8AD790-6419-48C5-A6DB-522542F19E3D}"
	ProjectSection(SolutionItems) = preProject
		Tasks.txt = Tasks.txt
	EndProjectSection
EndProject
Project("{8BC9CEB8-8B4A-11D0-8D11-00A0C91BC942}") = "P01-SumOfDigits", "P01-SumOfDigits\P01-SumOfDigits.vcxproj", "{3F25279B-442D-4EE0-8B89-E1E97A6E2B08}"
EndProject
Project("{8BC9CEB8-8B4A-11D0-8D11-00A0C91BC942}") = "P02-ReverseNum", "P02-ReverseNum\P02-ReverseNum.vcxproj", "{4B8E235E-9849-43F3-940F-3C5AE47CCAE6}"
EndProject
Project("{8BC9CEB8-8B4A-11D0-8D11-00A0C91BC942}") = "P03-StringLength", "P03-StringLength\P03-StringLength.vcxproj", "{5A19E93D-F85D-4839-8A04-9D899F366E26}"
EndProject
Project("{8BC9CEB8-8B4A-11D0-8D11-00A0C91BC942}") = "P04-AreEqual", "P04-AreEqual\P04-AreEqual.vcxproj", "{3743C651-0EF1-4023-967A-5553AC5FFA40}"
EndProject
Project("{8BC9CEB8-8B4A-11D0-8D11-00A0C91BC942}") = "P05-SwapCase", "P05-SwapCase\P05-SwapCase.vcxproj", "{F76D4C3D-1D9C-4B47-B708-A1750B6BAB10}"
EndProject
Project("{8BC9CEB8-8B4A-11D0-8D11-00A0C91BC942}") = "P06-Evaluate", "P06-Evaluate\P06-Evaluate.vcxproj", "{27137D79-417C-4A24-8BED-0A8A5B41D9F1}"
EndProject
Project("{8BC9CEB8-8B4A-11D0-8D11-00A0C91BC942}") = "P07-RecursiveMultiplication", "P07-RecursiveMultiplication\P07-RecursiveMultiplication.vcxproj", "{623CBBBC-3C78-4957-BE1F-9390CBD36F11}"
EndProject
Global
	GlobalSection(SolutionConfigurationPlatforms) = preSolution
		Debug|x64 = Debug|x64
		Debug|x86 = Debug|x86
		Release|x64 = Release|x64
		Release|x86 = Release|x86
	EndGlobalSection
	GlobalSection(ProjectConfigurationPlatforms) = postSolution
		{3F25279B-442D-4EE0-8B89-E1E97A6E2B08}.Debug|x64.ActiveCfg = Debug|x64
		{3F25279B-442D-4EE0-8B89-E1E97A6E2B08}.Debug|x64.Build.0 = Debug|x64
		{3F25279B-442D-4EE0-8B89-E1E97A6E2B08}.Debug|x86.ActiveCfg = Debug|Win32
		{3F25279B-442D-4EE0-8B89-E1E97A6E2B08}.Debug|x86.Build.0 = Debug|Win32
		{3F25279B-442D-4EE0-8B89-E1E97A6E2B08}.Release|x64.ActiveCfg = Release|x64
		{3F25279B-442D-4EE0-8B89-E1E97A6E2B08}.Release|x64.Build.0 = Release|x64
		{3F25279B-442D-4EE0-8B89-E1E97A6E2B08}.Release|x86.ActiveCfg = Release|Win32
		{3F25279B-442D-4EE0-8B89-E1E97A6E2B08}.Release|x86.Build.0 = Release|Win32
		{4B8E235E-9849-43F3-940F-3C5AE47CCAE6}.Debug|x64.ActiveCfg = Debug|x64
		{4B8E235E-9849-43F3-940F-3C5AE47CCAE6}.Debug|x64.Build.0 = Debug|x64
		{4B8E235E-9849-43F3-940F-3C5AE47CCAE6}.Debug|x86.ActiveCfg = Debug|Win32
		{4B8E235E-9849-43F3-940F-3C5AE47CCAE6}.Debug|x86.Build.0 = Debug|Win32
		{4B8E235E-9849-43F3-940F-3C5AE47CCAE6}.Release|x64.ActiveCfg = Release|x64
		{4B8E235E-9849-43F3-940F-3C5AE47CCAE6}.Release|x64.Build.0 = Release|x64
		{4B8E235E-9849-43F3-940F-3C5AE47CCAE6}.Release|x86.ActiveCfg = Release|Win32
		{4B8E235E-9849-43F3-940F-3C5AE47CCAE6}.Release|x86.Build.0 = Release|Win32
		{5A19E93D-F85D-4839-8A04-9D899F366E26}.Debug|x64.ActiveCfg = Debug|x64
		{5A19E93D-F85D-4839-8A04-9D899F366E26}.Debug|x64.Build.0 = Debug|x64
		{5A19E93D-F85D-4839-8A04-9D899F366E26}.Debug|x86.ActiveCfg = Debug|Win32
		{5A19E93D-F85D-4839-8A04-9D899F366E26}.Debug|x86.Build.0 = Debug|Win32
		{5A19E93D-F85D-4839-8A04-9D899F366E26}.Release|x64.ActiveCfg = Release|x64
		{5A19E93D-F85D-4839-8A04-9D899F366E26}.Release|x64.Build.0 = Release|x64
		{5A19E93D-F85D-4839-8A04-9D899F366E26}.Release|x86.ActiveCfg = Release|Win32
		{5A19E93D-F85D-4839-8A04-9D899F366E26}.Release|x86.Build.0 = Release|Win32
		{3743C651-0EF1-4023-967A-5553AC5FFA40}.Debug|x64.ActiveCfg = Debug|x64
		{3743C651-0EF1-4023-967A-5553AC5FFA40}.Debug|x64.Build.0 = Debug|x64
		{3743C651-0EF1-4023-967A-5553AC5FFA40}.Debug|x86.ActiveCfg = Debug|Win32
		{3743C651-0EF1-4023-967A-5553AC5FFA40}.Debug|x86.Build.0 = Debug|Win32
		{3743C651-0EF1-4023-967A-5553AC5FFA40}.Release|x64.ActiveCfg = Release|x64
		{3743C651-0EF1-4023-967A-5553AC5FFA40}.Release|x64.Build.0 = Release|x64
		{3743C651-0EF1-4023-967A-5553AC5FFA40}.Release|x86.ActiveCfg = Release|Win32
		{3743C651-0EF1-4023-967A-5553AC5FFA40}.Release|x86.Build.0 = Release|Win32
		{F76D4C3D-1D9C-4B47-B708-A1750B6BAB10}.Debug|x64.ActiveCfg = Debug|x64
		{F76D4C3D-1D9C-4B47-B708-A1750B6BAB10}.Debug|x64.Build.0 = Debug|x64
		{F76D4C3D-1D9C-4B47-B708-A1750B6BAB10}.Debug|x86.ActiveCfg = Debug|Win32
		{F76D4C3D-1D9C-4B47-B708-A1750B6BAB10}.Debug|x86.Build.0 = Debug|Win32
		{F76D4C3D-1D9C-4B47-B708-A1750B6BAB10}.Release|x64.ActiveCfg = Release|x64
		{F76D4C3D-1D9C-4B47-B708-A1750B6BAB10}.Release|x64.Build.0 = Release|x64
		{F76D4C3D-1D9C-4B47-B708-A1750B6BAB10}.Release|x86.ActiveCfg = Release|Win32
		{F76D4C3D-1D9C-4B47-B708-A1750B6BAB10}.Release|x86.Build.0 = Release|Win32
		{27137D79-417C-4A24-8BED-0A8A5B41D9F1}.Debug|x64.ActiveCfg = Debug|x64
		{27137D79-417C-4A24-8BED-0A8A5B41D9F1}.Debug|x64.Build.0 = Debug|x64
		{27137D79-417C-4A24-8BED-0A8A5B41D9F1}.Debug|x86.ActiveCfg = Debug|Win32
		{27137D79-417C-4A24-8BED-0A8A5B41D9F1}.Debug|x86.Build.0 = Debug|Win32
		{27137D79-417C-4A24-8BED-0A8A5B41D9F1}.Release|x64.ActiveCfg = Release|x64
		{27137D79-417C-4A24-8BED-0A8A5B41D9F1}.Release|x64.Build.0 = Release|x64
		{27137D79-417C-4A24-8BED-0A8A5B41D9F1}.Release|x86.ActiveCfg = Release|Win32
		{27137D79-417C-4A24-8BED-0A8A5B41D9F1}.Release|x86.Build.0 = Release|Win32
		{623CBBBC-3C78-4957-BE1F-9390CBD36F11}.Debug|x64.ActiveCfg = Debug|x64
		{623CBBBC-3C78-4957-BE1F-9390CBD36F11}.Debug|x64.Build.0 = Debug|x64
		{623CBBBC-3C78-4957-BE1F-9390CBD36F11}.Debug|x86.ActiveCfg = Debug|Win32
		{623CBBBC-3C78-4957-BE1F-9390CBD36F11}.Debug|x86.Build.0 = Debug|Win32
		{623CBBBC-3C78-4957-BE1F-9390CBD36F11}.Release|x64.ActiveCfg = Release|x64
		{623CBBBC-3C78-4957-BE1F-9390CBD36F11}.Release|x64.Build.0 = Release|x64
		{623CBBBC-3C78-4957-BE1F-9390CBD36F11}.Release|x86.ActiveCfg = Release|Win32
		{623CBBBC-3C78-4957-BE1F-9390CBD36F11}.Release|x86.Build.0 = Release|Win32
	EndGlobalSection
	GlobalSection(SolutionProperties) = preSolution
		HideSolutionNode = FALSE
	EndGlobalSection
	GlobalSection(ExtensibilityGlobals) = postSolution
		SolutionGuid = {7F60E849-858D-4DFD-8823-8B4391014739}
	EndGlobalSection
EndGlobal
