
Microsoft Visual Studio Solution File, Format Version 12.00
# Visual Studio Version 17
VisualStudioVersion = 17.0.31903.59
MinimumVisualStudioVersion = 10.0.40219.1
Project("{2150E333-8FDC-42A3-9474-1A3956D46DE8}") = "Solution Items", "Solution Items", "{B1B81D04-79FF-4F1E-8546-86242F8939AE}"
	ProjectSection(SolutionItems) = preProject
		Tasks.txt = Tasks.txt
	EndProjectSection
EndProject
Project("{8BC9CEB8-8B4A-11D0-8D11-00A0C91BC942}") = "P01-IncreaseTheMatrixBy10", "P01-IncreaseTheMatrixBy10\P01-IncreaseTheMatrixBy10.vcxproj", "{30939EA2-4170-4341-8011-45A381054883}"
EndProject
Project("{8BC9CEB8-8B4A-11D0-8D11-00A0C91BC942}") = "P02-FindBiggestAndSmallestNumber", "P02-FindBiggestAndSmallestNumber\P02-FindBiggestAndSmallestNumber.vcxproj", "{2E50B652-87E0-445F-83E3-61139B9A2225}"
EndProject
Project("{8BC9CEB8-8B4A-11D0-8D11-00A0C91BC942}") = "P03-FindNumberInMatrix", "P03-FindNumberInMatrix\P03-FindNumberInMatrix.vcxproj", "{76CDEB29-D7C8-4DAC-89AC-D22A3952B16C}"
EndProject
Project("{8BC9CEB8-8B4A-11D0-8D11-00A0C91BC942}") = "P05-FindSumOfSquareMatrixByCondition", "P05-FindSumOfSquareMatrixByCondition\P05-FindSumOfSquareMatrixByCondition.vcxproj", "{7179C337-1736-40F0-B427-D6F16DD59E5F}"
EndProject
Project("{8BC9CEB8-8B4A-11D0-8D11-00A0C91BC942}") = "P06-OperationsWithMatrixes", "P06-OperationsWithMatrixes\P06-OperationsWithMatrixes.vcxproj", "{93811BE6-27C1-4D3D-9C09-1ADECCF856B8}"
EndProject
Project("{8BC9CEB8-8B4A-11D0-8D11-00A0C91BC942}") = "P04-SpecificMatrixOperations", "P04-SpecificMatrixOperations\P04-SpecificMatrixOperations.vcxproj", "{6A8CE7FE-B83D-49DA-AFCC-B57CD653F79F}"
EndProject
Global
	GlobalSection(SolutionConfigurationPlatforms) = preSolution
		Debug|x64 = Debug|x64
		Debug|x86 = Debug|x86
		Release|x64 = Release|x64
		Release|x86 = Release|x86
	EndGlobalSection
	GlobalSection(ProjectConfigurationPlatforms) = postSolution
		{30939EA2-4170-4341-8011-45A381054883}.Debug|x64.ActiveCfg = Debug|x64
		{30939EA2-4170-4341-8011-45A381054883}.Debug|x64.Build.0 = Debug|x64
		{30939EA2-4170-4341-8011-45A381054883}.Debug|x86.ActiveCfg = Debug|Win32
		{30939EA2-4170-4341-8011-45A381054883}.Debug|x86.Build.0 = Debug|Win32
		{30939EA2-4170-4341-8011-45A381054883}.Release|x64.ActiveCfg = Release|x64
		{30939EA2-4170-4341-8011-45A381054883}.Release|x64.Build.0 = Release|x64
		{30939EA2-4170-4341-8011-45A381054883}.Release|x86.ActiveCfg = Release|Win32
		{30939EA2-4170-4341-8011-45A381054883}.Release|x86.Build.0 = Release|Win32
		{2E50B652-87E0-445F-83E3-61139B9A2225}.Debug|x64.ActiveCfg = Debug|x64
		{2E50B652-87E0-445F-83E3-61139B9A2225}.Debug|x64.Build.0 = Debug|x64
		{2E50B652-87E0-445F-83E3-61139B9A2225}.Debug|x86.ActiveCfg = Debug|Win32
		{2E50B652-87E0-445F-83E3-61139B9A2225}.Debug|x86.Build.0 = Debug|Win32
		{2E50B652-87E0-445F-83E3-61139B9A2225}.Release|x64.ActiveCfg = Release|x64
		{2E50B652-87E0-445F-83E3-61139B9A2225}.Release|x64.Build.0 = Release|x64
		{2E50B652-87E0-445F-83E3-61139B9A2225}.Release|x86.ActiveCfg = Release|Win32
		{2E50B652-87E0-445F-83E3-61139B9A2225}.Release|x86.Build.0 = Release|Win32
		{76CDEB29-D7C8-4DAC-89AC-D22A3952B16C}.Debug|x64.ActiveCfg = Debug|x64
		{76CDEB29-D7C8-4DAC-89AC-D22A3952B16C}.Debug|x64.Build.0 = Debug|x64
		{76CDEB29-D7C8-4DAC-89AC-D22A3952B16C}.Debug|x86.ActiveCfg = Debug|Win32
		{76CDEB29-D7C8-4DAC-89AC-D22A3952B16C}.Debug|x86.Build.0 = Debug|Win32
		{76CDEB29-D7C8-4DAC-89AC-D22A3952B16C}.Release|x64.ActiveCfg = Release|x64
		{76CDEB29-D7C8-4DAC-89AC-D22A3952B16C}.Release|x64.Build.0 = Release|x64
		{76CDEB29-D7C8-4DAC-89AC-D22A3952B16C}.Release|x86.ActiveCfg = Release|Win32
		{76CDEB29-D7C8-4DAC-89AC-D22A3952B16C}.Release|x86.Build.0 = Release|Win32
		{7179C337-1736-40F0-B427-D6F16DD59E5F}.Debug|x64.ActiveCfg = Debug|x64
		{7179C337-1736-40F0-B427-D6F16DD59E5F}.Debug|x64.Build.0 = Debug|x64
		{7179C337-1736-40F0-B427-D6F16DD59E5F}.Debug|x86.ActiveCfg = Debug|Win32
		{7179C337-1736-40F0-B427-D6F16DD59E5F}.Debug|x86.Build.0 = Debug|Win32
		{7179C337-1736-40F0-B427-D6F16DD59E5F}.Release|x64.ActiveCfg = Release|x64
		{7179C337-1736-40F0-B427-D6F16DD59E5F}.Release|x64.Build.0 = Release|x64
		{7179C337-1736-40F0-B427-D6F16DD59E5F}.Release|x86.ActiveCfg = Release|Win32
		{7179C337-1736-40F0-B427-D6F16DD59E5F}.Release|x86.Build.0 = Release|Win32
		{93811BE6-27C1-4D3D-9C09-1ADECCF856B8}.Debug|x64.ActiveCfg = Debug|x64
		{93811BE6-27C1-4D3D-9C09-1ADECCF856B8}.Debug|x64.Build.0 = Debug|x64
		{93811BE6-27C1-4D3D-9C09-1ADECCF856B8}.Debug|x86.ActiveCfg = Debug|Win32
		{93811BE6-27C1-4D3D-9C09-1ADECCF856B8}.Debug|x86.Build.0 = Debug|Win32
		{93811BE6-27C1-4D3D-9C09-1ADECCF856B8}.Release|x64.ActiveCfg = Release|x64
		{93811BE6-27C1-4D3D-9C09-1ADECCF856B8}.Release|x64.Build.0 = Release|x64
		{93811BE6-27C1-4D3D-9C09-1ADECCF856B8}.Release|x86.ActiveCfg = Release|Win32
		{93811BE6-27C1-4D3D-9C09-1ADECCF856B8}.Release|x86.Build.0 = Release|Win32
		{6A8CE7FE-B83D-49DA-AFCC-B57CD653F79F}.Debug|x64.ActiveCfg = Debug|x64
		{6A8CE7FE-B83D-49DA-AFCC-B57CD653F79F}.Debug|x64.Build.0 = Debug|x64
		{6A8CE7FE-B83D-49DA-AFCC-B57CD653F79F}.Debug|x86.ActiveCfg = Debug|Win32
		{6A8CE7FE-B83D-49DA-AFCC-B57CD653F79F}.Debug|x86.Build.0 = Debug|Win32
		{6A8CE7FE-B83D-49DA-AFCC-B57CD653F79F}.Release|x64.ActiveCfg = Release|x64
		{6A8CE7FE-B83D-49DA-AFCC-B57CD653F79F}.Release|x64.Build.0 = Release|x64
		{6A8CE7FE-B83D-49DA-AFCC-B57CD653F79F}.Release|x86.ActiveCfg = Release|Win32
		{6A8CE7FE-B83D-49DA-AFCC-B57CD653F79F}.Release|x86.Build.0 = Release|Win32
	EndGlobalSection
	GlobalSection(SolutionProperties) = preSolution
		HideSolutionNode = FALSE
	EndGlobalSection
	GlobalSection(ExtensibilityGlobals) = postSolution
		SolutionGuid = {55D3278D-0DDD-42F5-85DF-EA9A31AC57C6}
	EndGlobalSection
EndGlobal
